// !$*UTF8*$!
{
	archiveVersion = 1;
	classes = {
	};
	objectVersion = 46;
	objects = {

/* Begin PBXBuildFile section */
		7100CF1EB3DABA25B74CD108 /* Pods.framework in Frameworks */ = {isa = PBXBuildFile; fileRef = AE15543F493D4AE3D30CB75B /* Pods.framework */; };
		F5104D001CFECC5C00344740 /* PopoverPresentationController.swift in Sources */ = {isa = PBXBuildFile; fileRef = F5104CFF1CFECC5C00344740 /* PopoverPresentationController.swift */; };
		F5104D041CFEDF3500344740 /* PopoverViewController.storyboard in Resources */ = {isa = PBXBuildFile; fileRef = F5104D031CFEDF3500344740 /* PopoverViewController.storyboard */; };
		F53C04A91CF847F400E68AC4 /* UIBarButtonItem+Category.swift in Sources */ = {isa = PBXBuildFile; fileRef = F53C04A81CF847F400E68AC4 /* UIBarButtonItem+Category.swift */; };
		F53C04AB1CF84A5400E68AC4 /* TitleButton.swift in Sources */ = {isa = PBXBuildFile; fileRef = F53C04AA1CF84A5400E68AC4 /* TitleButton.swift */; };
		F58BDCE51CE9BA4E000576F7 /* MainTabBarController.swift in Sources */ = {isa = PBXBuildFile; fileRef = F58BDCE41CE9BA4E000576F7 /* MainTabBarController.swift */; };
		F58BDCE71CE9BA6D000576F7 /* HomeTableViewController.swift in Sources */ = {isa = PBXBuildFile; fileRef = F58BDCE61CE9BA6D000576F7 /* HomeTableViewController.swift */; };
		F58BDCE91CE9BA8A000576F7 /* DiscoverTableViewController.swift in Sources */ = {isa = PBXBuildFile; fileRef = F58BDCE81CE9BA8A000576F7 /* DiscoverTableViewController.swift */; };
		F58BDCEB1CE9BA99000576F7 /* MessageTableViewController.swift in Sources */ = {isa = PBXBuildFile; fileRef = F58BDCEA1CE9BA99000576F7 /* MessageTableViewController.swift */; };
		F58BDCED1CE9BAA8000576F7 /* ProfileTableViewController.swift in Sources */ = {isa = PBXBuildFile; fileRef = F58BDCEC1CE9BAA8000576F7 /* ProfileTableViewController.swift */; };
		F59A980D1CEEB5320099CFAB /* MainVCSettings.json in Resources */ = {isa = PBXBuildFile; fileRef = F59A980B1CEEB5320099CFAB /* MainVCSettings.json */; };
		F59A980E1CEEB5320099CFAB /* NullViewController.swift in Sources */ = {isa = PBXBuildFile; fileRef = F59A980C1CEEB5320099CFAB /* NullViewController.swift */; };
		F59A98101CEEBFAF0099CFAB /* BaseTableViewController.swift in Sources */ = {isa = PBXBuildFile; fileRef = F59A980F1CEEBFAF0099CFAB /* BaseTableViewController.swift */; };
		F59A98121CEEC00A0099CFAB /* VisitorView.swift in Sources */ = {isa = PBXBuildFile; fileRef = F59A98111CEEC00A0099CFAB /* VisitorView.swift */; };
		F5C136F61CE9A337008E7539 /* AppDelegate.swift in Sources */ = {isa = PBXBuildFile; fileRef = F5C136F51CE9A337008E7539 /* AppDelegate.swift */; };
		F5C136FD1CE9A337008E7539 /* Assets.xcassets in Resources */ = {isa = PBXBuildFile; fileRef = F5C136FC1CE9A337008E7539 /* Assets.xcassets */; };
		F5C1370B1CE9A337008E7539 /* ljwbTests.swift in Sources */ = {isa = PBXBuildFile; fileRef = F5C1370A1CE9A337008E7539 /* ljwbTests.swift */; };
		F5C137161CE9A337008E7539 /* ljwbUITests.swift in Sources */ = {isa = PBXBuildFile; fileRef = F5C137151CE9A337008E7539 /* ljwbUITests.swift */; };
		F5C7D1801CFE75B80045DFD5 /* PopoverViewController.swift in Sources */ = {isa = PBXBuildFile; fileRef = F5C7D17F1CFE75B80045DFD5 /* PopoverViewController.swift */; };
/* End PBXBuildFile section */

/* Begin PBXContainerItemProxy section */
		F5C137071CE9A337008E7539 /* PBXContainerItemProxy */ = {
			isa = PBXContainerItemProxy;
			containerPortal = F5C136EA1CE9A337008E7539 /* Project object */;
			proxyType = 1;
			remoteGlobalIDString = F5C136F11CE9A337008E7539;
			remoteInfo = ljwb;
		};
		F5C137121CE9A337008E7539 /* PBXContainerItemProxy */ = {
			isa = PBXContainerItemProxy;
			containerPortal = F5C136EA1CE9A337008E7539 /* Project object */;
			proxyType = 1;
			remoteGlobalIDString = F5C136F11CE9A337008E7539;
			remoteInfo = ljwb;
		};
/* End PBXContainerItemProxy section */

/* Begin PBXFileReference section */
		700F6C65E197D84E1580E45C /* Pods.release.xcconfig */ = {isa = PBXFileReference; includeInIndex = 1; lastKnownFileType = text.xcconfig; name = Pods.release.xcconfig; path = "Pods/Target Support Files/Pods/Pods.release.xcconfig"; sourceTree = "<group>"; };
		AE15543F493D4AE3D30CB75B /* Pods.framework */ = {isa = PBXFileReference; explicitFileType = wrapper.framework; includeInIndex = 0; path = Pods.framework; sourceTree = BUILT_PRODUCTS_DIR; };
		B2390FE2753C85FBD1865F50 /* Pods.debug.xcconfig */ = {isa = PBXFileReference; includeInIndex = 1; lastKnownFileType = text.xcconfig; name = Pods.debug.xcconfig; path = "Pods/Target Support Files/Pods/Pods.debug.xcconfig"; sourceTree = "<group>"; };
		F5104CFF1CFECC5C00344740 /* PopoverPresentationController.swift */ = {isa = PBXFileReference; fileEncoding = 4; lastKnownFileType = sourcecode.swift; path = PopoverPresentationController.swift; sourceTree = "<group>"; };
		F5104D031CFEDF3500344740 /* PopoverViewController.storyboard */ = {isa = PBXFileReference; fileEncoding = 4; lastKnownFileType = file.storyboard; path = PopoverViewController.storyboard; sourceTree = "<group>"; };
		F53C04A81CF847F400E68AC4 /* UIBarButtonItem+Category.swift */ = {isa = PBXFileReference; fileEncoding = 4; lastKnownFileType = sourcecode.swift; path = "UIBarButtonItem+Category.swift"; sourceTree = "<group>"; };
		F53C04AA1CF84A5400E68AC4 /* TitleButton.swift */ = {isa = PBXFileReference; fileEncoding = 4; lastKnownFileType = sourcecode.swift; path = TitleButton.swift; sourceTree = "<group>"; };
		F58BDCE41CE9BA4E000576F7 /* MainTabBarController.swift */ = {isa = PBXFileReference; fileEncoding = 4; lastKnownFileType = sourcecode.swift; path = MainTabBarController.swift; sourceTree = "<group>"; };
		F58BDCE61CE9BA6D000576F7 /* HomeTableViewController.swift */ = {isa = PBXFileReference; fileEncoding = 4; lastKnownFileType = sourcecode.swift; path = HomeTableViewController.swift; sourceTree = "<group>"; };
		F58BDCE81CE9BA8A000576F7 /* DiscoverTableViewController.swift */ = {isa = PBXFileReference; fileEncoding = 4; lastKnownFileType = sourcecode.swift; path = DiscoverTableViewController.swift; sourceTree = "<group>"; };
		F58BDCEA1CE9BA99000576F7 /* MessageTableViewController.swift */ = {isa = PBXFileReference; fileEncoding = 4; lastKnownFileType = sourcecode.swift; path = MessageTableViewController.swift; sourceTree = "<group>"; };
		F58BDCEC1CE9BAA8000576F7 /* ProfileTableViewController.swift */ = {isa = PBXFileReference; fileEncoding = 4; lastKnownFileType = sourcecode.swift; path = ProfileTableViewController.swift; sourceTree = "<group>"; };
		F59A980B1CEEB5320099CFAB /* MainVCSettings.json */ = {isa = PBXFileReference; fileEncoding = 4; lastKnownFileType = text.json; path = MainVCSettings.json; sourceTree = "<group>"; };
		F59A980C1CEEB5320099CFAB /* NullViewController.swift */ = {isa = PBXFileReference; fileEncoding = 4; lastKnownFileType = sourcecode.swift; path = NullViewController.swift; sourceTree = "<group>"; };
		F59A980F1CEEBFAF0099CFAB /* BaseTableViewController.swift */ = {isa = PBXFileReference; fileEncoding = 4; lastKnownFileType = sourcecode.swift; path = BaseTableViewController.swift; sourceTree = "<group>"; };
		F59A98111CEEC00A0099CFAB /* VisitorView.swift */ = {isa = PBXFileReference; fileEncoding = 4; lastKnownFileType = sourcecode.swift; path = VisitorView.swift; sourceTree = "<group>"; };
		F5C136F21CE9A337008E7539 /* ljwb.app */ = {isa = PBXFileReference; explicitFileType = wrapper.application; includeInIndex = 0; path = ljwb.app; sourceTree = BUILT_PRODUCTS_DIR; };
		F5C136F51CE9A337008E7539 /* AppDelegate.swift */ = {isa = PBXFileReference; lastKnownFileType = sourcecode.swift; path = AppDelegate.swift; sourceTree = "<group>"; };
		F5C136FC1CE9A337008E7539 /* Assets.xcassets */ = {isa = PBXFileReference; lastKnownFileType = folder.assetcatalog; path = Assets.xcassets; sourceTree = "<group>"; };
		F5C137011CE9A337008E7539 /* Info.plist */ = {isa = PBXFileReference; lastKnownFileType = text.plist.xml; path = Info.plist; sourceTree = "<group>"; };
		F5C137061CE9A337008E7539 /* ljwbTests.xctest */ = {isa = PBXFileReference; explicitFileType = wrapper.cfbundle; includeInIndex = 0; path = ljwbTests.xctest; sourceTree = BUILT_PRODUCTS_DIR; };
		F5C1370A1CE9A337008E7539 /* ljwbTests.swift */ = {isa = PBXFileReference; lastKnownFileType = sourcecode.swift; path = ljwbTests.swift; sourceTree = "<group>"; };
		F5C1370C1CE9A337008E7539 /* Info.plist */ = {isa = PBXFileReference; lastKnownFileType = text.plist.xml; path = Info.plist; sourceTree = "<group>"; };
		F5C137111CE9A337008E7539 /* ljwbUITests.xctest */ = {isa = PBXFileReference; explicitFileType = wrapper.cfbundle; includeInIndex = 0; path = ljwbUITests.xctest; sourceTree = BUILT_PRODUCTS_DIR; };
		F5C137151CE9A337008E7539 /* ljwbUITests.swift */ = {isa = PBXFileReference; lastKnownFileType = sourcecode.swift; path = ljwbUITests.swift; sourceTree = "<group>"; };
		F5C137171CE9A337008E7539 /* Info.plist */ = {isa = PBXFileReference; lastKnownFileType = text.plist.xml; path = Info.plist; sourceTree = "<group>"; };
		F5C7D17F1CFE75B80045DFD5 /* PopoverViewController.swift */ = {isa = PBXFileReference; fileEncoding = 4; lastKnownFileType = sourcecode.swift; path = PopoverViewController.swift; sourceTree = "<group>"; };
/* End PBXFileReference section */

/* Begin PBXFrameworksBuildPhase section */
		F5C136EF1CE9A337008E7539 /* Frameworks */ = {
			isa = PBXFrameworksBuildPhase;
			buildActionMask = 2147483647;
			files = (
				7100CF1EB3DABA25B74CD108 /* Pods.framework in Frameworks */,
			);
			runOnlyForDeploymentPostprocessing = 0;
		};
		F5C137031CE9A337008E7539 /* Frameworks */ = {
			isa = PBXFrameworksBuildPhase;
			buildActionMask = 2147483647;
			files = (
			);
			runOnlyForDeploymentPostprocessing = 0;
		};
		F5C1370E1CE9A337008E7539 /* Frameworks */ = {
			isa = PBXFrameworksBuildPhase;
			buildActionMask = 2147483647;
			files = (
			);
			runOnlyForDeploymentPostprocessing = 0;
		};
/* End PBXFrameworksBuildPhase section */

/* Begin PBXGroup section */
		7648B6CD6F6873365E4705B4 /* Frameworks */ = {
			isa = PBXGroup;
			children = (
				AE15543F493D4AE3D30CB75B /* Pods.framework */,
			);
			name = Frameworks;
			sourceTree = "<group>";
		};
		923FB651BCD49C88E5CC7B93 /* Pods */ = {
			isa = PBXGroup;
			children = (
				B2390FE2753C85FBD1865F50 /* Pods.debug.xcconfig */,
				700F6C65E197D84E1580E45C /* Pods.release.xcconfig */,
			);
			name = Pods;
			sourceTree = "<group>";
		};
		F53C04A71CF847E700E68AC4 /* Common */ = {
			isa = PBXGroup;
			children = (
				F53C04A81CF847F400E68AC4 /* UIBarButtonItem+Category.swift */,
				F53C04AA1CF84A5400E68AC4 /* TitleButton.swift */,
			);
			path = Common;
			sourceTree = "<group>";
		};
		F58BDCDC1CE9B9D0000576F7 /* Classes */ = {
			isa = PBXGroup;
			children = (
				F53C04A71CF847E700E68AC4 /* Common */,
				F58BDCDE1CE9B9D0000576F7 /* Discover */,
				F58BDCDF1CE9B9D0000576F7 /* Home */,
				F58BDCE01CE9B9D0000576F7 /* Main */,
				F58BDCE11CE9B9D0000576F7 /* Message */,
				F58BDCE21CE9B9D0000576F7 /* Profile */,
				F58BDCE31CE9B9D0000576F7 /* Tools */,
			);
			path = Classes;
			sourceTree = "<group>";
		};
		F58BDCDE1CE9B9D0000576F7 /* Discover */ = {
			isa = PBXGroup;
			children = (
				F58BDCE81CE9BA8A000576F7 /* DiscoverTableViewController.swift */,
			);
			path = Discover;
			sourceTree = "<group>";
		};
		F58BDCDF1CE9B9D0000576F7 /* Home */ = {
			isa = PBXGroup;
			children = (
				F5C7D17E1CFE75950045DFD5 /* Popover */,
				F58BDCE61CE9BA6D000576F7 /* HomeTableViewController.swift */,
			);
			path = Home;
			sourceTree = "<group>";
		};
		F58BDCE01CE9B9D0000576F7 /* Main */ = {
			isa = PBXGroup;
			children = (
				F59A980A1CEEB5320099CFAB /* Resource */,
				F58BDCE41CE9BA4E000576F7 /* MainTabBarController.swift */,
				F59A980F1CEEBFAF0099CFAB /* BaseTableViewController.swift */,
				F59A98111CEEC00A0099CFAB /* VisitorView.swift */,
			);
			path = Main;
			sourceTree = "<group>";
		};
		F58BDCE11CE9B9D0000576F7 /* Message */ = {
			isa = PBXGroup;
			children = (
				F58BDCEA1CE9BA99000576F7 /* MessageTableViewController.swift */,
			);
			path = Message;
			sourceTree = "<group>";
		};
		F58BDCE21CE9B9D0000576F7 /* Profile */ = {
			isa = PBXGroup;
			children = (
				F58BDCEC1CE9BAA8000576F7 /* ProfileTableViewController.swift */,
			);
			path = Profile;
			sourceTree = "<group>";
		};
		F58BDCE31CE9B9D0000576F7 /* Tools */ = {
			isa = PBXGroup;
			children = (
			);
			path = Tools;
			sourceTree = "<group>";
		};
		F59A980A1CEEB5320099CFAB /* Resource */ = {
			isa = PBXGroup;
			children = (
				F59A980B1CEEB5320099CFAB /* MainVCSettings.json */,
				F59A980C1CEEB5320099CFAB /* NullViewController.swift */,
			);
			path = Resource;
			sourceTree = "<group>";
		};
		F5C136E91CE9A337008E7539 = {
			isa = PBXGroup;
			children = (
				F5C136F41CE9A337008E7539 /* ljwb */,
				F5C137091CE9A337008E7539 /* ljwbTests */,
				F5C137141CE9A337008E7539 /* ljwbUITests */,
				F5C136F31CE9A337008E7539 /* Products */,
				923FB651BCD49C88E5CC7B93 /* Pods */,
				7648B6CD6F6873365E4705B4 /* Frameworks */,
			);
			sourceTree = "<group>";
		};
		F5C136F31CE9A337008E7539 /* Products */ = {
			isa = PBXGroup;
			children = (
				F5C136F21CE9A337008E7539 /* ljwb.app */,
				F5C137061CE9A337008E7539 /* ljwbTests.xctest */,
				F5C137111CE9A337008E7539 /* ljwbUITests.xctest */,
			);
			name = Products;
			sourceTree = "<group>";
		};
		F5C136F41CE9A337008E7539 /* ljwb */ = {
			isa = PBXGroup;
			children = (
				F5C136F51CE9A337008E7539 /* AppDelegate.swift */,
				F58BDCDC1CE9B9D0000576F7 /* Classes */,
				F5C136FC1CE9A337008E7539 /* Assets.xcassets */,
				F5C137011CE9A337008E7539 /* Info.plist */,
			);
			path = ljwb;
			sourceTree = "<group>";
		};
		F5C137091CE9A337008E7539 /* ljwbTests */ = {
			isa = PBXGroup;
			children = (
				F5C1370A1CE9A337008E7539 /* ljwbTests.swift */,
				F5C1370C1CE9A337008E7539 /* Info.plist */,
			);
			path = ljwbTests;
			sourceTree = "<group>";
		};
		F5C137141CE9A337008E7539 /* ljwbUITests */ = {
			isa = PBXGroup;
			children = (
				F5C137151CE9A337008E7539 /* ljwbUITests.swift */,
				F5C137171CE9A337008E7539 /* Info.plist */,
			);
			path = ljwbUITests;
			sourceTree = "<group>";
		};
		F5C7D17E1CFE75950045DFD5 /* Popover */ = {
			isa = PBXGroup;
			children = (
				F5104D031CFEDF3500344740 /* PopoverViewController.storyboard */,
				F5C7D17F1CFE75B80045DFD5 /* PopoverViewController.swift */,
				F5104CFF1CFECC5C00344740 /* PopoverPresentationController.swift */,
			);
			path = Popover;
			sourceTree = "<group>";
		};
/* End PBXGroup section */

/* Begin PBXNativeTarget section */
		F5C136F11CE9A337008E7539 /* ljwb */ = {
			isa = PBXNativeTarget;
			buildConfigurationList = F5C1371A1CE9A337008E7539 /* Build configuration list for PBXNativeTarget "ljwb" */;
			buildPhases = (
				EAE66B639C48B2273A145A8A /* Check Pods Manifest.lock */,
				F5C136EE1CE9A337008E7539 /* Sources */,
				F5C136EF1CE9A337008E7539 /* Frameworks */,
				F5C136F01CE9A337008E7539 /* Resources */,
				2059487D99D0F4D4A8C89F02 /* Embed Pods Frameworks */,
				056ACCCCA2B66A5016A04ACE /* Copy Pods Resources */,
			);
			buildRules = (
			);
			dependencies = (
			);
			name = ljwb;
			productName = ljwb;
			productReference = F5C136F21CE9A337008E7539 /* ljwb.app */;
			productType = "com.apple.product-type.application";
		};
		F5C137051CE9A337008E7539 /* ljwbTests */ = {
			isa = PBXNativeTarget;
			buildConfigurationList = F5C1371D1CE9A337008E7539 /* Build configuration list for PBXNativeTarget "ljwbTests" */;
			buildPhases = (
				F5C137021CE9A337008E7539 /* Sources */,
				F5C137031CE9A337008E7539 /* Frameworks */,
				F5C137041CE9A337008E7539 /* Resources */,
			);
			buildRules = (
			);
			dependencies = (
				F5C137081CE9A337008E7539 /* PBXTargetDependency */,
			);
			name = ljwbTests;
			productName = ljwbTests;
			productReference = F5C137061CE9A337008E7539 /* ljwbTests.xctest */;
			productType = "com.apple.product-type.bundle.unit-test";
		};
		F5C137101CE9A337008E7539 /* ljwbUITests */ = {
			isa = PBXNativeTarget;
			buildConfigurationList = F5C137201CE9A337008E7539 /* Build configuration list for PBXNativeTarget "ljwbUITests" */;
			buildPhases = (
				F5C1370D1CE9A337008E7539 /* Sources */,
				F5C1370E1CE9A337008E7539 /* Frameworks */,
				F5C1370F1CE9A337008E7539 /* Resources */,
			);
			buildRules = (
			);
			dependencies = (
				F5C137131CE9A337008E7539 /* PBXTargetDependency */,
			);
			name = ljwbUITests;
			productName = ljwbUITests;
			productReference = F5C137111CE9A337008E7539 /* ljwbUITests.xctest */;
			productType = "com.apple.product-type.bundle.ui-testing";
		};
/* End PBXNativeTarget section */

/* Begin PBXProject section */
		F5C136EA1CE9A337008E7539 /* Project object */ = {
			isa = PBXProject;
			attributes = {
				LastSwiftUpdateCheck = 0730;
				LastUpgradeCheck = 0730;
				ORGANIZATIONNAME = lj;
				TargetAttributes = {
					F5C136F11CE9A337008E7539 = {
						CreatedOnToolsVersion = 7.3;
					};
					F5C137051CE9A337008E7539 = {
						CreatedOnToolsVersion = 7.3;
						TestTargetID = F5C136F11CE9A337008E7539;
					};
					F5C137101CE9A337008E7539 = {
						CreatedOnToolsVersion = 7.3;
						TestTargetID = F5C136F11CE9A337008E7539;
					};
				};
			};
			buildConfigurationList = F5C136ED1CE9A337008E7539 /* Build configuration list for PBXProject "ljwb" */;
			compatibilityVersion = "Xcode 3.2";
			developmentRegion = English;
			hasScannedForEncodings = 0;
			knownRegions = (
				en,
				Base,
			);
			mainGroup = F5C136E91CE9A337008E7539;
			productRefGroup = F5C136F31CE9A337008E7539 /* Products */;
			projectDirPath = "";
			projectRoot = "";
			targets = (
				F5C136F11CE9A337008E7539 /* ljwb */,
				F5C137051CE9A337008E7539 /* ljwbTests */,
				F5C137101CE9A337008E7539 /* ljwbUITests */,
			);
		};
/* End PBXProject section */

/* Begin PBXResourcesBuildPhase section */
		F5C136F01CE9A337008E7539 /* Resources */ = {
			isa = PBXResourcesBuildPhase;
			buildActionMask = 2147483647;
			files = (
				F5104D041CFEDF3500344740 /* PopoverViewController.storyboard in Resources */,
				F59A980D1CEEB5320099CFAB /* MainVCSettings.json in Resources */,
				F5C136FD1CE9A337008E7539 /* Assets.xcassets in Resources */,
			);
			runOnlyForDeploymentPostprocessing = 0;
		};
		F5C137041CE9A337008E7539 /* Resources */ = {
			isa = PBXResourcesBuildPhase;
			buildActionMask = 2147483647;
			files = (
			);
			runOnlyForDeploymentPostprocessing = 0;
		};
		F5C1370F1CE9A337008E7539 /* Resources */ = {
			isa = PBXResourcesBuildPhase;
			buildActionMask = 2147483647;
			files = (
			);
			runOnlyForDeploymentPostprocessing = 0;
		};
/* End PBXResourcesBuildPhase section */

/* Begin PBXShellScriptBuildPhase section */
		056ACCCCA2B66A5016A04ACE /* Copy Pods Resources */ = {
			isa = PBXShellScriptBuildPhase;
			buildActionMask = 2147483647;
			files = (
			);
			inputPaths = (
			);
			name = "Copy Pods Resources";
			outputPaths = (
			);
			runOnlyForDeploymentPostprocessing = 0;
			shellPath = /bin/sh;
			shellScript = "\"${SRCROOT}/Pods/Target Support Files/Pods/Pods-resources.sh\"\n";
			showEnvVarsInLog = 0;
		};
		2059487D99D0F4D4A8C89F02 /* Embed Pods Frameworks */ = {
			isa = PBXShellScriptBuildPhase;
			buildActionMask = 2147483647;
			files = (
			);
			inputPaths = (
			);
			name = "Embed Pods Frameworks";
			outputPaths = (
			);
			runOnlyForDeploymentPostprocessing = 0;
			shellPath = /bin/sh;
			shellScript = "\"${SRCROOT}/Pods/Target Support Files/Pods/Pods-frameworks.sh\"\n";
			showEnvVarsInLog = 0;
		};
		EAE66B639C48B2273A145A8A /* Check Pods Manifest.lock */ = {
			isa = PBXShellScriptBuildPhase;
			buildActionMask = 2147483647;
			files = (
			);
			inputPaths = (
			);
			name = "Check Pods Manifest.lock";
			outputPaths = (
			);
			runOnlyForDeploymentPostprocessing = 0;
			shellPath = /bin/sh;
			shellScript = "diff \"${PODS_ROOT}/../Podfile.lock\" \"${PODS_ROOT}/Manifest.lock\" > /dev/null\nif [[ $? != 0 ]] ; then\n    cat << EOM\nerror: The sandbox is not in sync with the Podfile.lock. Run 'pod install' or update your CocoaPods installation.\nEOM\n    exit 1\nfi\n";
			showEnvVarsInLog = 0;
		};
/* End PBXShellScriptBuildPhase section */

/* Begin PBXSourcesBuildPhase section */
		F5C136EE1CE9A337008E7539 /* Sources */ = {
			isa = PBXSourcesBuildPhase;
			buildActionMask = 2147483647;
			files = (
				F5104D001CFECC5C00344740 /* PopoverPresentationController.swift in Sources */,
				F59A98101CEEBFAF0099CFAB /* BaseTableViewController.swift in Sources */,
				F58BDCED1CE9BAA8000576F7 /* ProfileTableViewController.swift in Sources */,
				F58BDCE71CE9BA6D000576F7 /* HomeTableViewController.swift in Sources */,
				F5C136F61CE9A337008E7539 /* AppDelegate.swift in Sources */,
				F5C7D1801CFE75B80045DFD5 /* PopoverViewController.swift in Sources */,
				F53C04AB1CF84A5400E68AC4 /* TitleButton.swift in Sources */,
				F58BDCE91CE9BA8A000576F7 /* DiscoverTableViewController.swift in Sources */,
				F59A980E1CEEB5320099CFAB /* NullViewController.swift in Sources */,
				F59A98121CEEC00A0099CFAB /* VisitorView.swift in Sources */,
				F58BDCEB1CE9BA99000576F7 /* MessageTableViewController.swift in Sources */,
				F53C04A91CF847F400E68AC4 /* UIBarButtonItem+Category.swift in Sources */,
				F58BDCE51CE9BA4E000576F7 /* MainTabBarController.swift in Sources */,
			);
			runOnlyForDeploymentPostprocessing = 0;
		};
		F5C137021CE9A337008E7539 /* Sources */ = {
			isa = PBXSourcesBuildPhase;
			buildActionMask = 2147483647;
			files = (
				F5C1370B1CE9A337008E7539 /* ljwbTests.swift in Sources */,
			);
			runOnlyForDeploymentPostprocessing = 0;
		};
		F5C1370D1CE9A337008E7539 /* Sources */ = {
			isa = PBXSourcesBuildPhase;
			buildActionMask = 2147483647;
			files = (
				F5C137161CE9A337008E7539 /* ljwbUITests.swift in Sources */,
			);
			runOnlyForDeploymentPostprocessing = 0;
		};
/* End PBXSourcesBuildPhase section */

/* Begin PBXTargetDependency section */
		F5C137081CE9A337008E7539 /* PBXTargetDependency */ = {
			isa = PBXTargetDependency;
			target = F5C136F11CE9A337008E7539 /* ljwb */;
			targetProxy = F5C137071CE9A337008E7539 /* PBXContainerItemProxy */;
		};
		F5C137131CE9A337008E7539 /* PBXTargetDependency */ = {
			isa = PBXTargetDependency;
			target = F5C136F11CE9A337008E7539 /* ljwb */;
			targetProxy = F5C137121CE9A337008E7539 /* PBXContainerItemProxy */;
		};
/* End PBXTargetDependency section */

/* Begin XCBuildConfiguration section */
		F53DD11A1CF6F9E100DD020D /* DailyBuild */ = {
			isa = XCBuildConfiguration;
			buildSettings = {
				ALWAYS_SEARCH_USER_PATHS = NO;
				CLANG_ANALYZER_NONNULL = YES;
				CLANG_CXX_LANGUAGE_STANDARD = "gnu++0x";
				CLANG_CXX_LIBRARY = "libc++";
				CLANG_ENABLE_MODULES = YES;
				CLANG_ENABLE_OBJC_ARC = YES;
				CLANG_WARN_BOOL_CONVERSION = YES;
				CLANG_WARN_CONSTANT_CONVERSION = YES;
				CLANG_WARN_DIRECT_OBJC_ISA_USAGE = YES_ERROR;
				CLANG_WARN_EMPTY_BODY = YES;
				CLANG_WARN_ENUM_CONVERSION = YES;
				CLANG_WARN_INT_CONVERSION = YES;
				CLANG_WARN_OBJC_ROOT_CLASS = YES_ERROR;
				CLANG_WARN_UNREACHABLE_CODE = YES;
				CLANG_WARN__DUPLICATE_METHOD_MATCH = YES;
				"CODE_SIGN_IDENTITY[sdk=iphoneos*]" = "iPhone Developer";
				COPY_PHASE_STRIP = NO;
				DEBUG_INFORMATION_FORMAT = "dwarf-with-dsym";
				ENABLE_NS_ASSERTIONS = NO;
				ENABLE_STRICT_OBJC_MSGSEND = YES;
				GCC_C_LANGUAGE_STANDARD = gnu99;
				GCC_NO_COMMON_BLOCKS = YES;
				GCC_WARN_64_TO_32_BIT_CONVERSION = YES;
				GCC_WARN_ABOUT_RETURN_TYPE = YES_ERROR;
				GCC_WARN_UNDECLARED_SELECTOR = YES;
				GCC_WARN_UNINITIALIZED_AUTOS = YES_AGGRESSIVE;
				GCC_WARN_UNUSED_FUNCTION = YES;
				GCC_WARN_UNUSED_VARIABLE = YES;
				IPHONEOS_DEPLOYMENT_TARGET = 9.3;
				MTL_ENABLE_DEBUG_INFO = NO;
				SDKROOT = iphoneos;
				TARGETED_DEVICE_FAMILY = "1,2";
				VALIDATE_PRODUCT = YES;
			};
			name = DailyBuild;
		};
		F53DD11B1CF6F9E100DD020D /* DailyBuild */ = {
			isa = XCBuildConfiguration;
			baseConfigurationReference = 700F6C65E197D84E1580E45C /* Pods.release.xcconfig */;
			buildSettings = {
				ASSETCATALOG_COMPILER_APPICON_NAME = AppIcon;
				ASSETCATALOG_COMPILER_LAUNCHIMAGE_NAME = LaunchImage;
				INFOPLIST_FILE = ljwb/Info.plist;
				LD_RUNPATH_SEARCH_PATHS = "$(inherited) @executable_path/Frameworks";
				PRODUCT_BUNDLE_IDENTIFIER = com.lj.ljwb;
				PRODUCT_NAME = "$(TARGET_NAME)";
			};
			name = DailyBuild;
		};
		F53DD11C1CF6F9E100DD020D /* DailyBuild */ = {
			isa = XCBuildConfiguration;
			buildSettings = {
				BUNDLE_LOADER = "$(TEST_HOST)";
				INFOPLIST_FILE = ljwbTests/Info.plist;
				LD_RUNPATH_SEARCH_PATHS = "$(inherited) @executable_path/Frameworks @loader_path/Frameworks";
				PRODUCT_BUNDLE_IDENTIFIER = com.lj.ljwbTests;
				PRODUCT_NAME = "$(TARGET_NAME)";
				TEST_HOST = "$(BUILT_PRODUCTS_DIR)/ljwb.app/ljwb";
			};
			name = DailyBuild;
		};
		F53DD11D1CF6F9E100DD020D /* DailyBuild */ = {
			isa = XCBuildConfiguration;
			buildSettings = {
				INFOPLIST_FILE = ljwbUITests/Info.plist;
				LD_RUNPATH_SEARCH_PATHS = "$(inherited) @executable_path/Frameworks @loader_path/Frameworks";
				PRODUCT_BUNDLE_IDENTIFIER = com.lj.ljwbUITests;
				PRODUCT_NAME = "$(TARGET_NAME)";
				TEST_TARGET_NAME = ljwb;
			};
			name = DailyBuild;
		};
		F5C137181CE9A337008E7539 /* Debug */ = {
			isa = XCBuildConfiguration;
			buildSettings = {
				ALWAYS_SEARCH_USER_PATHS = NO;
				CLANG_ANALYZER_NONNULL = YES;
				CLANG_CXX_LANGUAGE_STANDARD = "gnu++0x";
				CLANG_CXX_LIBRARY = "libc++";
				CLANG_ENABLE_MODULES = YES;
				CLANG_ENABLE_OBJC_ARC = YES;
				CLANG_WARN_BOOL_CONVERSION = YES;
				CLANG_WARN_CONSTANT_CONVERSION = YES;
				CLANG_WARN_DIRECT_OBJC_ISA_USAGE = YES_ERROR;
				CLANG_WARN_EMPTY_BODY = YES;
				CLANG_WARN_ENUM_CONVERSION = YES;
				CLANG_WARN_INT_CONVERSION = YES;
				CLANG_WARN_OBJC_ROOT_CLASS = YES_ERROR;
				CLANG_WARN_UNREACHABLE_CODE = YES;
				CLANG_WARN__DUPLICATE_METHOD_MATCH = YES;
				"CODE_SIGN_IDENTITY[sdk=iphoneos*]" = "iPhone Developer";
				COPY_PHASE_STRIP = NO;
				DEBUG_INFORMATION_FORMAT = dwarf;
				ENABLE_STRICT_OBJC_MSGSEND = YES;
				ENABLE_TESTABILITY = YES;
				GCC_C_LANGUAGE_STANDARD = gnu99;
				GCC_DYNAMIC_NO_PIC = NO;
				GCC_NO_COMMON_BLOCKS = YES;
				GCC_OPTIMIZATION_LEVEL = 0;
				GCC_PREPROCESSOR_DEFINITIONS = (
					"DEBUG=1",
					"$(inherited)",
				);
				GCC_WARN_64_TO_32_BIT_CONVERSION = YES;
				GCC_WARN_ABOUT_RETURN_TYPE = YES_ERROR;
				GCC_WARN_UNDECLARED_SELECTOR = YES;
				GCC_WARN_UNINITIALIZED_AUTOS = YES_AGGRESSIVE;
				GCC_WARN_UNUSED_FUNCTION = YES;
				GCC_WARN_UNUSED_VARIABLE = YES;
				IPHONEOS_DEPLOYMENT_TARGET = 9.3;
				MTL_ENABLE_DEBUG_INFO = YES;
				ONLY_ACTIVE_ARCH = YES;
				SDKROOT = iphoneos;
				SWIFT_OPTIMIZATION_LEVEL = "-Onone";
				TARGETED_DEVICE_FAMILY = "1,2";
			};
			name = Debug;
		};
		F5C137191CE9A337008E7539 /* Release */ = {
			isa = XCBuildConfiguration;
			buildSettings = {
				ALWAYS_SEARCH_USER_PATHS = NO;
				CLANG_ANALYZER_NONNULL = YES;
				CLANG_CXX_LANGUAGE_STANDARD = "gnu++0x";
				CLANG_CXX_LIBRARY = "libc++";
				CLANG_ENABLE_MODULES = YES;
				CLANG_ENABLE_OBJC_ARC = YES;
				CLANG_WARN_BOOL_CONVERSION = YES;
				CLANG_WARN_CONSTANT_CONVERSION = YES;
				CLANG_WARN_DIRECT_OBJC_ISA_USAGE = YES_ERROR;
				CLANG_WARN_EMPTY_BODY = YES;
				CLANG_WARN_ENUM_CONVERSION = YES;
				CLANG_WARN_INT_CONVERSION = YES;
				CLANG_WARN_OBJC_ROOT_CLASS = YES_ERROR;
				CLANG_WARN_UNREACHABLE_CODE = YES;
				CLANG_WARN__DUPLICATE_METHOD_MATCH = YES;
				"CODE_SIGN_IDENTITY[sdk=iphoneos*]" = "iPhone Developer";
				COPY_PHASE_STRIP = NO;
				DEBUG_INFORMATION_FORMAT = "dwarf-with-dsym";
				ENABLE_NS_ASSERTIONS = NO;
				ENABLE_STRICT_OBJC_MSGSEND = YES;
				GCC_C_LANGUAGE_STANDARD = gnu99;
				GCC_NO_COMMON_BLOCKS = YES;
				GCC_WARN_64_TO_32_BIT_CONVERSION = YES;
				GCC_WARN_ABOUT_RETURN_TYPE = YES_ERROR;
				GCC_WARN_UNDECLARED_SELECTOR = YES;
				GCC_WARN_UNINITIALIZED_AUTOS = YES_AGGRESSIVE;
				GCC_WARN_UNUSED_FUNCTION = YES;
				GCC_WARN_UNUSED_VARIABLE = YES;
				IPHONEOS_DEPLOYMENT_TARGET = 9.3;
				MTL_ENABLE_DEBUG_INFO = NO;
				SDKROOT = iphoneos;
				TARGETED_DEVICE_FAMILY = "1,2";
				VALIDATE_PRODUCT = YES;
			};
			name = Release;
		};
		F5C1371B1CE9A337008E7539 /* Debug */ = {
			isa = XCBuildConfiguration;
			baseConfigurationReference = B2390FE2753C85FBD1865F50 /* Pods.debug.xcconfig */;
			buildSettings = {
				ASSETCATALOG_COMPILER_APPICON_NAME = AppIcon;
				ASSETCATALOG_COMPILER_LAUNCHIMAGE_NAME = LaunchImage;
				INFOPLIST_FILE = ljwb/Info.plist;
				LD_RUNPATH_SEARCH_PATHS = "$(inherited) @executable_path/Frameworks";
				PRODUCT_BUNDLE_IDENTIFIER = com.lj.ljwb;
				PRODUCT_NAME = "$(TARGET_NAME)";
			};
			name = Debug;
		};
		F5C1371C1CE9A337008E7539 /* Release */ = {
			isa = XCBuildConfiguration;
			baseConfigurationReference = 700F6C65E197D84E1580E45C /* Pods.release.xcconfig */;
			buildSettings = {
				ASSETCATALOG_COMPILER_APPICON_NAME = AppIcon;
				ASSETCATALOG_COMPILER_LAUNCHIMAGE_NAME = LaunchImage;
				INFOPLIST_FILE = ljwb/Info.plist;
				LD_RUNPATH_SEARCH_PATHS = "$(inherited) @executable_path/Frameworks";
				PRODUCT_BUNDLE_IDENTIFIER = com.lj.ljwb;
				PRODUCT_NAME = "$(TARGET_NAME)";
			};
			name = Release;
		};
		F5C1371E1CE9A337008E7539 /* Debug */ = {
			isa = XCBuildConfiguration;
			buildSettings = {
				BUNDLE_LOADER = "$(TEST_HOST)";
				INFOPLIST_FILE = ljwbTests/Info.plist;
				LD_RUNPATH_SEARCH_PATHS = "$(inherited) @executable_path/Frameworks @loader_path/Frameworks";
				PRODUCT_BUNDLE_IDENTIFIER = com.lj.ljwbTests;
				PRODUCT_NAME = "$(TARGET_NAME)";
				TEST_HOST = "$(BUILT_PRODUCTS_DIR)/ljwb.app/ljwb";
			};
			name = Debug;
		};
		F5C1371F1CE9A337008E7539 /* Release */ = {
			isa = XCBuildConfiguration;
			buildSettings = {
				BUNDLE_LOADER = "$(TEST_HOST)";
				INFOPLIST_FILE = ljwbTests/Info.plist;
				LD_RUNPATH_SEARCH_PATHS = "$(inherited) @executable_path/Frameworks @loader_path/Frameworks";
				PRODUCT_BUNDLE_IDENTIFIER = com.lj.ljwbTests;
				PRODUCT_NAME = "$(TARGET_NAME)";
				TEST_HOST = "$(BUILT_PRODUCTS_DIR)/ljwb.app/ljwb";
			};
			name = Release;
		};
		F5C137211CE9A337008E7539 /* Debug */ = {
			isa = XCBuildConfiguration;
			buildSettings = {
				INFOPLIST_FILE = ljwbUITests/Info.plist;
				LD_RUNPATH_SEARCH_PATHS = "$(inherited) @executable_path/Frameworks @loader_path/Frameworks";
				PRODUCT_BUNDLE_IDENTIFIER = com.lj.ljwbUITests;
				PRODUCT_NAME = "$(TARGET_NAME)";
				TEST_TARGET_NAME = ljwb;
			};
			name = Debug;
		};
		F5C137221CE9A337008E7539 /* Release */ = {
			isa = XCBuildConfiguration;
			buildSettings = {
				INFOPLIST_FILE = ljwbUITests/Info.plist;
				LD_RUNPATH_SEARCH_PATHS = "$(inherited) @executable_path/Frameworks @loader_path/Frameworks";
				PRODUCT_BUNDLE_IDENTIFIER = com.lj.ljwbUITests;
				PRODUCT_NAME = "$(TARGET_NAME)";
				TEST_TARGET_NAME = ljwb;
			};
			name = Release;
		};
/* End XCBuildConfiguration section */

/* Begin XCConfigurationList section */
		F5C136ED1CE9A337008E7539 /* Build configuration list for PBXProject "ljwb" */ = {
			isa = XCConfigurationList;
			buildConfigurations = (
				F5C137181CE9A337008E7539 /* Debug */,
				F5C137191CE9A337008E7539 /* Release */,
				F53DD11A1CF6F9E100DD020D /* DailyBuild */,
			);
			defaultConfigurationIsVisible = 0;
			defaultConfigurationName = Release;
		};
		F5C1371A1CE9A337008E7539 /* Build configuration list for PBXNativeTarget "ljwb" */ = {
			isa = XCConfigurationList;
			buildConfigurations = (
				F5C1371B1CE9A337008E7539 /* Debug */,
				F5C1371C1CE9A337008E7539 /* Release */,
				F53DD11B1CF6F9E100DD020D /* DailyBuild */,
			);
			defaultConfigurationIsVisible = 0;
			defaultConfigurationName = Release;
		};
		F5C1371D1CE9A337008E7539 /* Build configuration list for PBXNativeTarget "ljwbTests" */ = {
			isa = XCConfigurationList;
			buildConfigurations = (
				F5C1371E1CE9A337008E7539 /* Debug */,
				F5C1371F1CE9A337008E7539 /* Release */,
				F53DD11C1CF6F9E100DD020D /* DailyBuild */,
			);
			defaultConfigurationIsVisible = 0;
			defaultConfigurationName = Release;
		};
		F5C137201CE9A337008E7539 /* Build configuration list for PBXNativeTarget "ljwbUITests" */ = {
			isa = XCConfigurationList;
			buildConfigurations = (
				F5C137211CE9A337008E7539 /* Debug */,
				F5C137221CE9A337008E7539 /* Release */,
				F53DD11D1CF6F9E100DD020D /* DailyBuild */,
			);
			defaultConfigurationIsVisible = 0;
			defaultConfigurationName = Release;
		};
/* End XCConfigurationList section */
	};
	rootObject = F5C136EA1CE9A337008E7539 /* Project object */;
}
